
Microsoft Visual Studio Solution File, Format Version 12.00
# Visual Studio Version 17
VisualStudioVersion = 17.9.34728.123
MinimumVisualStudioVersion = 10.0.40219.1
Project("{8BC9CEB8-8B4A-11D0-8D11-00A0C91BC942}") = "BOJ_30033", "BOJ_30033.vcxproj", "{64947E5F-2C15-4DB8-8310-7D2F8D1457B9}"
EndProject
Global
	GlobalSection(SolutionConfigurationPlatforms) = preSolution
		Debug|x64 = Debug|x64
		Release|x64 = Release|x64
	EndGlobalSection
	GlobalSection(ProjectConfigurationPlatforms) = postSolution
		{64947E5F-2C15-4DB8-8310-7D2F8D1457B9}.Debug|x64.ActiveCfg = Debug|x64
		{64947E5F-2C15-4DB8-8310-7D2F8D1457B9}.Debug|x64.Build.0 = Debug|x64
		{64947E5F-2C15-4DB8-8310-7D2F8D1457B9}.Release|x64.ActiveCfg = Release|x64
		{64947E5F-2C15-4DB8-8310-7D2F8D1457B9}.Release|x64.Build.0 = Release|x64
	EndGlobalSection
	GlobalSection(SolutionProperties) = preSolution
		HideSolutionNode = FALSE
	EndGlobalSection
	GlobalSection(ExtensibilityGlobals) = postSolution
		SolutionGuid = {BC264756-DBB9-47F2-8799-B70904378A29}
	EndGlobalSection
EndGlobal
